
Microsoft Visual Studio Solution File, Format Version 12.00
# Visual Studio Version 17
VisualStudioVersion = 17.4.33213.308
MinimumVisualStudioVersion = 10.0.40219.1
Project("{9A19103F-16F7-4668-BE54-9A1E7A4F7556}") = "Data2", "Data2.csproj", "{B2029BAE-51B7-4CFA-B608-55D9460DABF7}"
EndProject
Global
	GlobalSection(SolutionConfigurationPlatforms) = preSolution
		Debug|Any CPU = Debug|Any CPU
		Release|Any CPU = Release|Any CPU
	EndGlobalSection
	GlobalSection(ProjectConfigurationPlatforms) = postSolution
		{B2029BAE-51B7-4CFA-B608-55D9460DABF7}.Debug|Any CPU.ActiveCfg = Debug|Any CPU
		{B2029BAE-51B7-4CFA-B608-55D9460DABF7}.Debug|Any CPU.Build.0 = Debug|Any CPU
		{B2029BAE-51B7-4CFA-B608-55D9460DABF7}.Release|Any CPU.ActiveCfg = Release|Any CPU
		{B2029BAE-51B7-4CFA-B608-55D9460DABF7}.Release|Any CPU.Build.0 = Release|Any CPU
	EndGlobalSection
	GlobalSection(SolutionProperties) = preSolution
		HideSolutionNode = FALSE
	EndGlobalSection
	GlobalSection(ExtensibilityGlobals) = postSolution
		SolutionGuid = {67F8BC42-D5F6-4A07-BCFF-7321EF9123E0}
	EndGlobalSection
EndGlobal
